PODS:
  - Alamofire (5.9.1)
  - KakaoSDKAuth (2.22.1):
    - KakaoSDKCommon (= 2.22.1)
  - KakaoSDKCommon (2.22.1):
    - KakaoSDKCommon/Common (= 2.22.1)
    - KakaoSDKCommon/Network (= 2.22.1)
  - KakaoSDKCommon/Common (2.22.1)
  - KakaoSDKCommon/Network (2.22.1):
    - Alamofire (~> 5.9.0)
    - KakaoSDKCommon/Common (= 2.22.1)
  - KakaoSDKUser (2.22.1):
    - KakaoSDKAuth (= 2.22.1)
  - NMapsGeometry (1.0.1)
  - NMapsMap (3.18.0):
    - NMapsGeometry

DEPENDENCIES:
  - KakaoSDKAuth
  - KakaoSDKCommon
  - KakaoSDKUser
  - NMapsMap

SPEC REPOS:
  trunk:
    - Alamofire
    - KakaoSDKAuth
    - KakaoSDKCommon
    - KakaoSDKUser
    - NMapsGeometry
    - NMapsMap

SPEC CHECKSUMS:
  Alamofire: f36a35757af4587d8e4f4bfa223ad10be2422b8c
  KakaoSDKAuth: 347f1e6bf455689c81fb4eee3c9e02b622016fb4
  KakaoSDKCommon: 596436353cec3865eb1475ecea1a7259d881c5ac
  KakaoSDKUser: 31c3aaa36d32bd77f9a5acbe371e174b85a10a91
  NMapsGeometry: 53c573ead66466681cf123f99f698dc8071a4b83
  NMapsMap: 36dc18a1f5f315121b33fccd2398c7a702bf0fc8

PODFILE CHECKSUM: cba61a92e7bca5b29da6d9f69ea93a4ba8eb10f7

COCOAPODS: 1.14.3
