// !$*UTF8*$!
{
	archiveVersion = 1;
	classes = {
	};
	objectVersion = 56;
	objects = {

/* Begin PBXBuildFile section */
		047A7830CFB0E863D3835EDA /* Pods_Spacing.framework in Frameworks */ = {isa = PBXBuildFile; fileRef = CE579AFE8DFF51573EA5DA2C /* Pods_Spacing.framework */; };
		1453D8082BDA47BA00BD21C0 /* TopCollectionViewCell.xib in Resources */ = {isa = PBXBuildFile; fileRef = 1453D8072BDA47BA00BD21C0 /* TopCollectionViewCell.xib */; };
		1453D8092BDA47BA00BD21C0 /* TopCollectionViewCell.swift in Sources */ = {isa = PBXBuildFile; fileRef = 1453D8062BDA47BA00BD21C0 /* TopCollectionViewCell.swift */; };
		145C32032BD7F525000FB8BD /* KakaoPostCodeViewController.swift in Sources */ = {isa = PBXBuildFile; fileRef = 145C32022BD7F525000FB8BD /* KakaoPostCodeViewController.swift */; };
		14C5FD8B2BD8DC4B00B8358C /* AddImageCollectionViewCell.xib in Resources */ = {isa = PBXBuildFile; fileRef = 14C5FD8A2BD8DC4B00B8358C /* AddImageCollectionViewCell.xib */; };
		14C5FD8C2BD8DC4B00B8358C /* AddImageCollectionViewCell.swift in Sources */ = {isa = PBXBuildFile; fileRef = 14C5FD892BD8DC4B00B8358C /* AddImageCollectionViewCell.swift */; };
		14C5FD8F2BD8F9E900B8358C /* IQKeyboardManagerSwift in Frameworks */ = {isa = PBXBuildFile; productRef = 14C5FD8E2BD8F9E900B8358C /* IQKeyboardManagerSwift */; };
		14C5FD912BD90E5100B8358C /* GeoCoder.swift in Sources */ = {isa = PBXBuildFile; fileRef = 14C5FD902BD90E5100B8358C /* GeoCoder.swift */; };
		14C5FD942BD90EB400B8358C /* Alamofire in Frameworks */ = {isa = PBXBuildFile; productRef = 14C5FD932BD90EB400B8358C /* Alamofire */; };
		14C7D77E2BD614B200CB5746 /* AppDelegate.swift in Sources */ = {isa = PBXBuildFile; fileRef = 14C7D77D2BD614B200CB5746 /* AppDelegate.swift */; };
		14C7D7802BD614B200CB5746 /* SceneDelegate.swift in Sources */ = {isa = PBXBuildFile; fileRef = 14C7D77F2BD614B200CB5746 /* SceneDelegate.swift */; };
		14C7D7822BD614B200CB5746 /* ViewController.swift in Sources */ = {isa = PBXBuildFile; fileRef = 14C7D7812BD614B200CB5746 /* ViewController.swift */; };
		14C7D7852BD614B200CB5746 /* Base in Resources */ = {isa = PBXBuildFile; fileRef = 14C7D7842BD614B200CB5746 /* Base */; };
		14C7D7882BD614B200CB5746 /* Spacing.xcdatamodeld in Sources */ = {isa = PBXBuildFile; fileRef = 14C7D7862BD614B200CB5746 /* Spacing.xcdatamodeld */; };
		14C7D78A2BD614B400CB5746 /* Assets.xcassets in Resources */ = {isa = PBXBuildFile; fileRef = 14C7D7892BD614B400CB5746 /* Assets.xcassets */; };
		14C7D78D2BD614B400CB5746 /* Base in Resources */ = {isa = PBXBuildFile; fileRef = 14C7D78C2BD614B400CB5746 /* Base */; };
		14C7D7982BD614B500CB5746 /* SpacingTests.swift in Sources */ = {isa = PBXBuildFile; fileRef = 14C7D7972BD614B500CB5746 /* SpacingTests.swift */; };
		14C7D7A22BD614B500CB5746 /* SpacingUITests.swift in Sources */ = {isa = PBXBuildFile; fileRef = 14C7D7A12BD614B500CB5746 /* SpacingUITests.swift */; };
		14C7D7A42BD614B500CB5746 /* SpacingUITestsLaunchTests.swift in Sources */ = {isa = PBXBuildFile; fileRef = 14C7D7A32BD614B500CB5746 /* SpacingUITestsLaunchTests.swift */; };
		14C7D7BB2BD658F700CB5746 /* MyPageViewController.storyboard in Resources */ = {isa = PBXBuildFile; fileRef = 14C7D7BA2BD658F700CB5746 /* MyPageViewController.storyboard */; };
		14C7D7BD2BD6590700CB5746 /* MyPageViewController.swift in Sources */ = {isa = PBXBuildFile; fileRef = 14C7D7BC2BD6590700CB5746 /* MyPageViewController.swift */; };
		14C7D7C32BD65F7E00CB5746 /* User.swift in Sources */ = {isa = PBXBuildFile; fileRef = 14C7D7C22BD65F7E00CB5746 /* User.swift */; };
		14C7D7C52BD6607B00CB5746 /* Place.swift in Sources */ = {isa = PBXBuildFile; fileRef = 14C7D7C42BD6607B00CB5746 /* Place.swift */; };
		14C7D7CA2BD6631000CB5746 /* UserTableViewCell.swift in Sources */ = {isa = PBXBuildFile; fileRef = 14C7D7C82BD6631000CB5746 /* UserTableViewCell.swift */; };
		14C7D7CB2BD6631000CB5746 /* UserTableViewCell.xib in Resources */ = {isa = PBXBuildFile; fileRef = 14C7D7C92BD6631000CB5746 /* UserTableViewCell.xib */; };
		14C7D7CE2BD6632300CB5746 /* MenuTableViewCell.swift in Sources */ = {isa = PBXBuildFile; fileRef = 14C7D7CC2BD6632300CB5746 /* MenuTableViewCell.swift */; };
		14C7D7CF2BD6632300CB5746 /* MenuTableViewCell.xib in Resources */ = {isa = PBXBuildFile; fileRef = 14C7D7CD2BD6632300CB5746 /* MenuTableViewCell.xib */; };
		14C7D7D22BD664B500CB5746 /* ButtonTableViewCell.swift in Sources */ = {isa = PBXBuildFile; fileRef = 14C7D7D02BD664B500CB5746 /* ButtonTableViewCell.swift */; };
		14C7D7D32BD664B500CB5746 /* ButtonTableViewCell.xib in Resources */ = {isa = PBXBuildFile; fileRef = 14C7D7D12BD664B500CB5746 /* ButtonTableViewCell.xib */; };
		14C7D7D52BD6667A00CB5746 /* MyPageMenu.swift in Sources */ = {isa = PBXBuildFile; fileRef = 14C7D7D42BD6667A00CB5746 /* MyPageMenu.swift */; };
		14C7D7D82BD667F400CB5746 /* PersonalViewController.swift in Sources */ = {isa = PBXBuildFile; fileRef = 14C7D7D72BD667F400CB5746 /* PersonalViewController.swift */; };
		14C7D7DA2BD667FF00CB5746 /* PersonalViewController.storyboard in Resources */ = {isa = PBXBuildFile; fileRef = 14C7D7D92BD667FF00CB5746 /* PersonalViewController.storyboard */; };
		14C7D7DC2BD6682400CB5746 /* AddPlaceViewController.swift in Sources */ = {isa = PBXBuildFile; fileRef = 14C7D7DB2BD6682400CB5746 /* AddPlaceViewController.swift */; };
		14C7D7DE2BD6683100CB5746 /* AddPlaceViewController.storyboard in Resources */ = {isa = PBXBuildFile; fileRef = 14C7D7DD2BD6683100CB5746 /* AddPlaceViewController.storyboard */; };
		14C7D7E02BD6689D00CB5746 /* PlaceViewController.swift in Sources */ = {isa = PBXBuildFile; fileRef = 14C7D7DF2BD6689D00CB5746 /* PlaceViewController.swift */; };
		14C7D7E22BD668CB00CB5746 /* PlaceViewController.storyboard in Resources */ = {isa = PBXBuildFile; fileRef = 14C7D7E12BD668CB00CB5746 /* PlaceViewController.storyboard */; };
		14D85DEF2BD9309200BB0289 /* ImageCollectionViewCell.swift in Sources */ = {isa = PBXBuildFile; fileRef = 14D85DE02BD9309200BB0289 /* ImageCollectionViewCell.swift */; };
		14D85DF02BD9309200BB0289 /* ImageCollectionViewCell.xib in Resources */ = {isa = PBXBuildFile; fileRef = 14D85DE12BD9309200BB0289 /* ImageCollectionViewCell.xib */; };
		14D85DF42BD9309200BB0289 /* HalfModalPresentationController.swift in Sources */ = {isa = PBXBuildFile; fileRef = 14D85DE72BD9309200BB0289 /* HalfModalPresentationController.swift */; };
		14D85DF52BD9309200BB0289 /* TimeSelectionSB.storyboard in Resources */ = {isa = PBXBuildFile; fileRef = 14D85DE82BD9309200BB0289 /* TimeSelectionSB.storyboard */; };
		14D85DF62BD9309200BB0289 /* TimeSelectionVC.swift in Sources */ = {isa = PBXBuildFile; fileRef = 14D85DE92BD9309200BB0289 /* TimeSelectionVC.swift */; };
		14D85DF72BD9309200BB0289 /* DetailViewController.storyboard in Resources */ = {isa = PBXBuildFile; fileRef = 14D85DEB2BD9309200BB0289 /* DetailViewController.storyboard */; };
		14D85DF82BD9309200BB0289 /* DetailViewController.swift in Sources */ = {isa = PBXBuildFile; fileRef = 14D85DEC2BD9309200BB0289 /* DetailViewController.swift */; };
		14D85DF92BD9309200BB0289 /* View.xib in Resources */ = {isa = PBXBuildFile; fileRef = 14D85DED2BD9309200BB0289 /* View.xib */; };
		14D9EBDC2BD77C56007DF629 /* PlaceTableViewCell.xib in Resources */ = {isa = PBXBuildFile; fileRef = 14D9EBDB2BD77C56007DF629 /* PlaceTableViewCell.xib */; };
		14D9EBDD2BD77C56007DF629 /* PlaceTableViewCell.swift in Sources */ = {isa = PBXBuildFile; fileRef = 14D9EBDA2BD77C56007DF629 /* PlaceTableViewCell.swift */; };
		14D9EBE22BD78557007DF629 /* CategoryCollectionViewCell.xib in Resources */ = {isa = PBXBuildFile; fileRef = 14D9EBE12BD78557007DF629 /* CategoryCollectionViewCell.xib */; };
		14D9EBE32BD78557007DF629 /* CategoryCollectionViewCell.swift in Sources */ = {isa = PBXBuildFile; fileRef = 14D9EBE02BD78557007DF629 /* CategoryCollectionViewCell.swift */; };
		14D9EBE52BD7A5D4007DF629 /* ExtensionUtil.swift in Sources */ = {isa = PBXBuildFile; fileRef = 14D9EBE42BD7A5D4007DF629 /* ExtensionUtil.swift */; };
		14D9EBE82BD7B243007DF629 /* SnapKit in Frameworks */ = {isa = PBXBuildFile; productRef = 14D9EBE72BD7B243007DF629 /* SnapKit */; };
		14EDFFF42BD9EF21001CC996 /* Map.storyboard in Resources */ = {isa = PBXBuildFile; fileRef = 14EDFFF22BD9EF21001CC996 /* Map.storyboard */; };
		14EDFFF52BD9EF21001CC996 /* MapViewController.swift in Sources */ = {isa = PBXBuildFile; fileRef = 14EDFFF32BD9EF21001CC996 /* MapViewController.swift */; };
		51272CC02BD923C6004321F6 /* IDEntity+CoreDataClass.swift in Sources */ = {isa = PBXBuildFile; fileRef = 51272CBE2BD923C6004321F6 /* IDEntity+CoreDataClass.swift */; };
		51272CC12BD923C6004321F6 /* IDEntity+CoreDataProperties.swift in Sources */ = {isa = PBXBuildFile; fileRef = 51272CBF2BD923C6004321F6 /* IDEntity+CoreDataProperties.swift */; };
		51AC92B12BD7C66B006C2C51 /* SignUpViewController.swift in Sources */ = {isa = PBXBuildFile; fileRef = 51AC92B02BD7C66A006C2C51 /* SignUpViewController.swift */; };
		51AC92B32BD7CA7B006C2C51 /* TestViewController.swift in Sources */ = {isa = PBXBuildFile; fileRef = 51AC92B22BD7CA7B006C2C51 /* TestViewController.swift */; };
		65B4FCD7B27DC56C4E3E13CC /* Pods_SpacingTests.framework in Frameworks */ = {isa = PBXBuildFile; fileRef = 8F2144B47394FC7445DC498A /* Pods_SpacingTests.framework */; };
		A6E0E38F110A599546A537D5 /* Pods_Spacing_SpacingUITests.framework in Frameworks */ = {isa = PBXBuildFile; fileRef = C72474CF1FD080CCFDF783BB /* Pods_Spacing_SpacingUITests.framework */; };
/* End PBXBuildFile section */

/* Begin PBXContainerItemProxy section */
		14C7D7942BD614B500CB5746 /* PBXContainerItemProxy */ = {
			isa = PBXContainerItemProxy;
			containerPortal = 14C7D7722BD614B200CB5746 /* Project object */;
			proxyType = 1;
			remoteGlobalIDString = 14C7D7792BD614B200CB5746;
			remoteInfo = Spacing;
		};
		14C7D79E2BD614B500CB5746 /* PBXContainerItemProxy */ = {
			isa = PBXContainerItemProxy;
			containerPortal = 14C7D7722BD614B200CB5746 /* Project object */;
			proxyType = 1;
			remoteGlobalIDString = 14C7D7792BD614B200CB5746;
			remoteInfo = Spacing;
		};
/* End PBXContainerItemProxy section */

/* Begin PBXFileReference section */
		0742B520C18EDDC3C9D6D90F /* Pods-Spacing-SpacingUITests.debug.xcconfig */ = {isa = PBXFileReference; includeInIndex = 1; lastKnownFileType = text.xcconfig; name = "Pods-Spacing-SpacingUITests.debug.xcconfig"; path = "Target Support Files/Pods-Spacing-SpacingUITests/Pods-Spacing-SpacingUITests.debug.xcconfig"; sourceTree = "<group>"; };
		1453D8062BDA47BA00BD21C0 /* TopCollectionViewCell.swift */ = {isa = PBXFileReference; lastKnownFileType = sourcecode.swift; path = TopCollectionViewCell.swift; sourceTree = "<group>"; };
		1453D8072BDA47BA00BD21C0 /* TopCollectionViewCell.xib */ = {isa = PBXFileReference; lastKnownFileType = file.xib; path = TopCollectionViewCell.xib; sourceTree = "<group>"; };
		145C32022BD7F525000FB8BD /* KakaoPostCodeViewController.swift */ = {isa = PBXFileReference; lastKnownFileType = sourcecode.swift; path = KakaoPostCodeViewController.swift; sourceTree = "<group>"; };
		14C5FD892BD8DC4B00B8358C /* AddImageCollectionViewCell.swift */ = {isa = PBXFileReference; lastKnownFileType = sourcecode.swift; path = AddImageCollectionViewCell.swift; sourceTree = "<group>"; };
		14C5FD8A2BD8DC4B00B8358C /* AddImageCollectionViewCell.xib */ = {isa = PBXFileReference; lastKnownFileType = file.xib; path = AddImageCollectionViewCell.xib; sourceTree = "<group>"; };
		14C5FD902BD90E5100B8358C /* GeoCoder.swift */ = {isa = PBXFileReference; lastKnownFileType = sourcecode.swift; path = GeoCoder.swift; sourceTree = "<group>"; };
		14C7D77A2BD614B200CB5746 /* Spacing.app */ = {isa = PBXFileReference; explicitFileType = wrapper.application; includeInIndex = 0; path = Spacing.app; sourceTree = BUILT_PRODUCTS_DIR; };
		14C7D77D2BD614B200CB5746 /* AppDelegate.swift */ = {isa = PBXFileReference; lastKnownFileType = sourcecode.swift; path = AppDelegate.swift; sourceTree = "<group>"; };
		14C7D77F2BD614B200CB5746 /* SceneDelegate.swift */ = {isa = PBXFileReference; lastKnownFileType = sourcecode.swift; path = SceneDelegate.swift; sourceTree = "<group>"; };
		14C7D7812BD614B200CB5746 /* ViewController.swift */ = {isa = PBXFileReference; lastKnownFileType = sourcecode.swift; path = ViewController.swift; sourceTree = "<group>"; };
		14C7D7842BD614B200CB5746 /* Base */ = {isa = PBXFileReference; lastKnownFileType = file.storyboard; name = Base; path = Base.lproj/Main.storyboard; sourceTree = "<group>"; };
		14C7D7872BD614B200CB5746 /* Spacing.xcdatamodel */ = {isa = PBXFileReference; lastKnownFileType = wrapper.xcdatamodel; path = Spacing.xcdatamodel; sourceTree = "<group>"; };
		14C7D7892BD614B400CB5746 /* Assets.xcassets */ = {isa = PBXFileReference; lastKnownFileType = folder.assetcatalog; path = Assets.xcassets; sourceTree = "<group>"; };
		14C7D78C2BD614B400CB5746 /* Base */ = {isa = PBXFileReference; lastKnownFileType = file.storyboard; name = Base; path = Base.lproj/LaunchScreen.storyboard; sourceTree = "<group>"; };
		14C7D78E2BD614B400CB5746 /* Info.plist */ = {isa = PBXFileReference; lastKnownFileType = text.plist.xml; path = Info.plist; sourceTree = "<group>"; };
		14C7D7932BD614B500CB5746 /* SpacingTests.xctest */ = {isa = PBXFileReference; explicitFileType = wrapper.cfbundle; includeInIndex = 0; path = SpacingTests.xctest; sourceTree = BUILT_PRODUCTS_DIR; };
		14C7D7972BD614B500CB5746 /* SpacingTests.swift */ = {isa = PBXFileReference; lastKnownFileType = sourcecode.swift; path = SpacingTests.swift; sourceTree = "<group>"; };
		14C7D79D2BD614B500CB5746 /* SpacingUITests.xctest */ = {isa = PBXFileReference; explicitFileType = wrapper.cfbundle; includeInIndex = 0; path = SpacingUITests.xctest; sourceTree = BUILT_PRODUCTS_DIR; };
		14C7D7A12BD614B500CB5746 /* SpacingUITests.swift */ = {isa = PBXFileReference; lastKnownFileType = sourcecode.swift; path = SpacingUITests.swift; sourceTree = "<group>"; };
		14C7D7A32BD614B500CB5746 /* SpacingUITestsLaunchTests.swift */ = {isa = PBXFileReference; lastKnownFileType = sourcecode.swift; path = SpacingUITestsLaunchTests.swift; sourceTree = "<group>"; };
		14C7D7BA2BD658F700CB5746 /* MyPageViewController.storyboard */ = {isa = PBXFileReference; lastKnownFileType = file.storyboard; path = MyPageViewController.storyboard; sourceTree = "<group>"; };
		14C7D7BC2BD6590700CB5746 /* MyPageViewController.swift */ = {isa = PBXFileReference; lastKnownFileType = sourcecode.swift; path = MyPageViewController.swift; sourceTree = "<group>"; };
		14C7D7C22BD65F7E00CB5746 /* User.swift */ = {isa = PBXFileReference; lastKnownFileType = sourcecode.swift; path = User.swift; sourceTree = "<group>"; };
		14C7D7C42BD6607B00CB5746 /* Place.swift */ = {isa = PBXFileReference; lastKnownFileType = sourcecode.swift; path = Place.swift; sourceTree = "<group>"; };
		14C7D7C82BD6631000CB5746 /* UserTableViewCell.swift */ = {isa = PBXFileReference; lastKnownFileType = sourcecode.swift; path = UserTableViewCell.swift; sourceTree = "<group>"; };
		14C7D7C92BD6631000CB5746 /* UserTableViewCell.xib */ = {isa = PBXFileReference; lastKnownFileType = file.xib; path = UserTableViewCell.xib; sourceTree = "<group>"; };
		14C7D7CC2BD6632300CB5746 /* MenuTableViewCell.swift */ = {isa = PBXFileReference; lastKnownFileType = sourcecode.swift; path = MenuTableViewCell.swift; sourceTree = "<group>"; };
		14C7D7CD2BD6632300CB5746 /* MenuTableViewCell.xib */ = {isa = PBXFileReference; lastKnownFileType = file.xib; path = MenuTableViewCell.xib; sourceTree = "<group>"; };
		14C7D7D02BD664B500CB5746 /* ButtonTableViewCell.swift */ = {isa = PBXFileReference; lastKnownFileType = sourcecode.swift; path = ButtonTableViewCell.swift; sourceTree = "<group>"; };
		14C7D7D12BD664B500CB5746 /* ButtonTableViewCell.xib */ = {isa = PBXFileReference; lastKnownFileType = file.xib; path = ButtonTableViewCell.xib; sourceTree = "<group>"; };
		14C7D7D42BD6667A00CB5746 /* MyPageMenu.swift */ = {isa = PBXFileReference; lastKnownFileType = sourcecode.swift; path = MyPageMenu.swift; sourceTree = "<group>"; };
		14C7D7D72BD667F400CB5746 /* PersonalViewController.swift */ = {isa = PBXFileReference; lastKnownFileType = sourcecode.swift; path = PersonalViewController.swift; sourceTree = "<group>"; };
		14C7D7D92BD667FF00CB5746 /* PersonalViewController.storyboard */ = {isa = PBXFileReference; lastKnownFileType = file.storyboard; path = PersonalViewController.storyboard; sourceTree = "<group>"; };
		14C7D7DB2BD6682400CB5746 /* AddPlaceViewController.swift */ = {isa = PBXFileReference; lastKnownFileType = sourcecode.swift; path = AddPlaceViewController.swift; sourceTree = "<group>"; };
		14C7D7DD2BD6683100CB5746 /* AddPlaceViewController.storyboard */ = {isa = PBXFileReference; lastKnownFileType = file.storyboard; path = AddPlaceViewController.storyboard; sourceTree = "<group>"; };
		14C7D7DF2BD6689D00CB5746 /* PlaceViewController.swift */ = {isa = PBXFileReference; lastKnownFileType = sourcecode.swift; path = PlaceViewController.swift; sourceTree = "<group>"; };
		14C7D7E12BD668CB00CB5746 /* PlaceViewController.storyboard */ = {isa = PBXFileReference; lastKnownFileType = file.storyboard; path = PlaceViewController.storyboard; sourceTree = "<group>"; };
		14D85DE02BD9309200BB0289 /* ImageCollectionViewCell.swift */ = {isa = PBXFileReference; fileEncoding = 4; lastKnownFileType = sourcecode.swift; path = ImageCollectionViewCell.swift; sourceTree = "<group>"; };
		14D85DE12BD9309200BB0289 /* ImageCollectionViewCell.xib */ = {isa = PBXFileReference; fileEncoding = 4; lastKnownFileType = file.xib; path = ImageCollectionViewCell.xib; sourceTree = "<group>"; };
		14D85DE72BD9309200BB0289 /* HalfModalPresentationController.swift */ = {isa = PBXFileReference; fileEncoding = 4; lastKnownFileType = sourcecode.swift; path = HalfModalPresentationController.swift; sourceTree = "<group>"; };
		14D85DE82BD9309200BB0289 /* TimeSelectionSB.storyboard */ = {isa = PBXFileReference; fileEncoding = 4; lastKnownFileType = file.storyboard; path = TimeSelectionSB.storyboard; sourceTree = "<group>"; };
		14D85DE92BD9309200BB0289 /* TimeSelectionVC.swift */ = {isa = PBXFileReference; fileEncoding = 4; lastKnownFileType = sourcecode.swift; path = TimeSelectionVC.swift; sourceTree = "<group>"; };
		14D85DEB2BD9309200BB0289 /* DetailViewController.storyboard */ = {isa = PBXFileReference; fileEncoding = 4; lastKnownFileType = file.storyboard; path = DetailViewController.storyboard; sourceTree = "<group>"; };
		14D85DEC2BD9309200BB0289 /* DetailViewController.swift */ = {isa = PBXFileReference; fileEncoding = 4; lastKnownFileType = sourcecode.swift; path = DetailViewController.swift; sourceTree = "<group>"; };
		14D85DED2BD9309200BB0289 /* View.xib */ = {isa = PBXFileReference; fileEncoding = 4; lastKnownFileType = file.xib; path = View.xib; sourceTree = "<group>"; };
		14D9EBDA2BD77C56007DF629 /* PlaceTableViewCell.swift */ = {isa = PBXFileReference; lastKnownFileType = sourcecode.swift; path = PlaceTableViewCell.swift; sourceTree = "<group>"; };
		14D9EBDB2BD77C56007DF629 /* PlaceTableViewCell.xib */ = {isa = PBXFileReference; lastKnownFileType = file.xib; path = PlaceTableViewCell.xib; sourceTree = "<group>"; };
		14D9EBE02BD78557007DF629 /* CategoryCollectionViewCell.swift */ = {isa = PBXFileReference; lastKnownFileType = sourcecode.swift; path = CategoryCollectionViewCell.swift; sourceTree = "<group>"; };
		14D9EBE12BD78557007DF629 /* CategoryCollectionViewCell.xib */ = {isa = PBXFileReference; lastKnownFileType = file.xib; path = CategoryCollectionViewCell.xib; sourceTree = "<group>"; };
		14D9EBE42BD7A5D4007DF629 /* ExtensionUtil.swift */ = {isa = PBXFileReference; lastKnownFileType = sourcecode.swift; path = ExtensionUtil.swift; sourceTree = "<group>"; };
		14EDFFF22BD9EF21001CC996 /* Map.storyboard */ = {isa = PBXFileReference; fileEncoding = 4; lastKnownFileType = file.storyboard; path = Map.storyboard; sourceTree = "<group>"; };
		14EDFFF32BD9EF21001CC996 /* MapViewController.swift */ = {isa = PBXFileReference; fileEncoding = 4; lastKnownFileType = sourcecode.swift; path = MapViewController.swift; sourceTree = "<group>"; };
		1B1048CA9C36ECB96A93773D /* Pods-Spacing.release.xcconfig */ = {isa = PBXFileReference; includeInIndex = 1; lastKnownFileType = text.xcconfig; name = "Pods-Spacing.release.xcconfig"; path = "Target Support Files/Pods-Spacing/Pods-Spacing.release.xcconfig"; sourceTree = "<group>"; };
		51272CBE2BD923C6004321F6 /* IDEntity+CoreDataClass.swift */ = {isa = PBXFileReference; lastKnownFileType = sourcecode.swift; path = "IDEntity+CoreDataClass.swift"; sourceTree = "<group>"; };
		51272CBF2BD923C6004321F6 /* IDEntity+CoreDataProperties.swift */ = {isa = PBXFileReference; lastKnownFileType = sourcecode.swift; path = "IDEntity+CoreDataProperties.swift"; sourceTree = "<group>"; };
		51AC92B02BD7C66A006C2C51 /* SignUpViewController.swift */ = {isa = PBXFileReference; lastKnownFileType = sourcecode.swift; path = SignUpViewController.swift; sourceTree = "<group>"; };
		51AC92B22BD7CA7B006C2C51 /* TestViewController.swift */ = {isa = PBXFileReference; lastKnownFileType = sourcecode.swift; path = TestViewController.swift; sourceTree = "<group>"; };
		692D3701DB1C7917962D459F /* Pods-SpacingTests.release.xcconfig */ = {isa = PBXFileReference; includeInIndex = 1; lastKnownFileType = text.xcconfig; name = "Pods-SpacingTests.release.xcconfig"; path = "Target Support Files/Pods-SpacingTests/Pods-SpacingTests.release.xcconfig"; sourceTree = "<group>"; };
		8F2144B47394FC7445DC498A /* Pods_SpacingTests.framework */ = {isa = PBXFileReference; explicitFileType = wrapper.framework; includeInIndex = 0; path = Pods_SpacingTests.framework; sourceTree = BUILT_PRODUCTS_DIR; };
		9502A1E41DE8221CB2BCA0CD /* Pods-Spacing-SpacingUITests.release.xcconfig */ = {isa = PBXFileReference; includeInIndex = 1; lastKnownFileType = text.xcconfig; name = "Pods-Spacing-SpacingUITests.release.xcconfig"; path = "Target Support Files/Pods-Spacing-SpacingUITests/Pods-Spacing-SpacingUITests.release.xcconfig"; sourceTree = "<group>"; };
		AF862DB78A7B819F61504E52 /* Pods-Spacing.debug.xcconfig */ = {isa = PBXFileReference; includeInIndex = 1; lastKnownFileType = text.xcconfig; name = "Pods-Spacing.debug.xcconfig"; path = "Target Support Files/Pods-Spacing/Pods-Spacing.debug.xcconfig"; sourceTree = "<group>"; };
		C72474CF1FD080CCFDF783BB /* Pods_Spacing_SpacingUITests.framework */ = {isa = PBXFileReference; explicitFileType = wrapper.framework; includeInIndex = 0; path = Pods_Spacing_SpacingUITests.framework; sourceTree = BUILT_PRODUCTS_DIR; };
		CE579AFE8DFF51573EA5DA2C /* Pods_Spacing.framework */ = {isa = PBXFileReference; explicitFileType = wrapper.framework; includeInIndex = 0; path = Pods_Spacing.framework; sourceTree = BUILT_PRODUCTS_DIR; };
		E1894E851D49E83D3E6AA1DE /* Pods-SpacingTests.debug.xcconfig */ = {isa = PBXFileReference; includeInIndex = 1; lastKnownFileType = text.xcconfig; name = "Pods-SpacingTests.debug.xcconfig"; path = "Target Support Files/Pods-SpacingTests/Pods-SpacingTests.debug.xcconfig"; sourceTree = "<group>"; };
/* End PBXFileReference section */

/* Begin PBXFrameworksBuildPhase section */
		14C7D7772BD614B200CB5746 /* Frameworks */ = {
			isa = PBXFrameworksBuildPhase;
			buildActionMask = 2147483647;
			files = (
				14C5FD942BD90EB400B8358C /* Alamofire in Frameworks */,
				14D9EBE82BD7B243007DF629 /* SnapKit in Frameworks */,
				14C5FD8F2BD8F9E900B8358C /* IQKeyboardManagerSwift in Frameworks */,
				047A7830CFB0E863D3835EDA /* Pods_Spacing.framework in Frameworks */,
			);
			runOnlyForDeploymentPostprocessing = 0;
		};
		14C7D7902BD614B500CB5746 /* Frameworks */ = {
			isa = PBXFrameworksBuildPhase;
			buildActionMask = 2147483647;
			files = (
				65B4FCD7B27DC56C4E3E13CC /* Pods_SpacingTests.framework in Frameworks */,
			);
			runOnlyForDeploymentPostprocessing = 0;
		};
		14C7D79A2BD614B500CB5746 /* Frameworks */ = {
			isa = PBXFrameworksBuildPhase;
			buildActionMask = 2147483647;
			files = (
				A6E0E38F110A599546A537D5 /* Pods_Spacing_SpacingUITests.framework in Frameworks */,
			);
			runOnlyForDeploymentPostprocessing = 0;
		};
/* End PBXFrameworksBuildPhase section */

/* Begin PBXGroup section */
		1453D80A2BDA47D100BD21C0 /* Map */ = {
			isa = PBXGroup;
			children = (
				14EDFFF22BD9EF21001CC996 /* Map.storyboard */,
				14EDFFF32BD9EF21001CC996 /* MapViewController.swift */,
				1453D8062BDA47BA00BD21C0 /* TopCollectionViewCell.swift */,
				1453D8072BDA47BA00BD21C0 /* TopCollectionViewCell.xib */,
			);
			path = Map;
			sourceTree = "<group>";
		};
		1453D80B2BDA47E300BD21C0 /* Login */ = {
			isa = PBXGroup;
			children = (
				51AC92B22BD7CA7B006C2C51 /* TestViewController.swift */,
				51AC92B02BD7C66A006C2C51 /* SignUpViewController.swift */,
				14C7D7812BD614B200CB5746 /* ViewController.swift */,
				14C7D7832BD614B200CB5746 /* Main.storyboard */,
			);
			path = Login;
			sourceTree = "<group>";
		};
		145C32012BD7F4F6000FB8BD /* KakaoPostCode */ = {
			isa = PBXGroup;
			children = (
				145C32022BD7F525000FB8BD /* KakaoPostCodeViewController.swift */,
			);
			path = KakaoPostCode;
			sourceTree = "<group>";
		};
		14C7D7712BD614B200CB5746 = {
			isa = PBXGroup;
			children = (
				14C7D77C2BD614B200CB5746 /* Spacing */,
				14C7D7962BD614B500CB5746 /* SpacingTests */,
				14C7D7A02BD614B500CB5746 /* SpacingUITests */,
				14C7D77B2BD614B200CB5746 /* Products */,
				361C0137B9ACE4704335D447 /* Pods */,
				F48FAD11783C523B33CA427F /* Frameworks */,
			);
			sourceTree = "<group>";
		};
		14C7D77B2BD614B200CB5746 /* Products */ = {
			isa = PBXGroup;
			children = (
				14C7D77A2BD614B200CB5746 /* Spacing.app */,
				14C7D7932BD614B500CB5746 /* SpacingTests.xctest */,
				14C7D79D2BD614B500CB5746 /* SpacingUITests.xctest */,
			);
			name = Products;
			sourceTree = "<group>";
		};
		14C7D77C2BD614B200CB5746 /* Spacing */ = {
			isa = PBXGroup;
			children = (
				14C7D7B92BD6183000CB5746 /* Util */,
				14C7D7B82BD6182600CB5746 /* Model */,
				14C7D7B72BD617D200CB5746 /* Resources */,
				14C7D7B62BD617AB00CB5746 /* ViewController */,
				14C7D78E2BD614B400CB5746 /* Info.plist */,
			);
			path = Spacing;
			sourceTree = "<group>";
		};
		14C7D7962BD614B500CB5746 /* SpacingTests */ = {
			isa = PBXGroup;
			children = (
				14C7D7972BD614B500CB5746 /* SpacingTests.swift */,
			);
			path = SpacingTests;
			sourceTree = "<group>";
		};
		14C7D7A02BD614B500CB5746 /* SpacingUITests */ = {
			isa = PBXGroup;
			children = (
				14C7D7A12BD614B500CB5746 /* SpacingUITests.swift */,
				14C7D7A32BD614B500CB5746 /* SpacingUITestsLaunchTests.swift */,
			);
			path = SpacingUITests;
			sourceTree = "<group>";
		};
		14C7D7B62BD617AB00CB5746 /* ViewController */ = {
			isa = PBXGroup;
			children = (
				1453D80B2BDA47E300BD21C0 /* Login */,
				1453D80A2BDA47D100BD21C0 /* Map */,
				14D85DEE2BD9309200BB0289 /* DetailView */,
				14C7D7C62BD662E600CB5746 /* MyPage */,
			);
			path = ViewController;
			sourceTree = "<group>";
		};
		14C7D7B72BD617D200CB5746 /* Resources */ = {
			isa = PBXGroup;
			children = (
			);
			path = Resources;
			sourceTree = "<group>";
		};
		14C7D7B82BD6182600CB5746 /* Model */ = {
			isa = PBXGroup;
			children = (
				14C7D7C22BD65F7E00CB5746 /* User.swift */,
				14C7D7C42BD6607B00CB5746 /* Place.swift */,
				14C7D7D42BD6667A00CB5746 /* MyPageMenu.swift */,
				14C5FD902BD90E5100B8358C /* GeoCoder.swift */,
			);
			path = Model;
			sourceTree = "<group>";
		};
		14C7D7B92BD6183000CB5746 /* Util */ = {
			isa = PBXGroup;
			children = (
				51272CBE2BD923C6004321F6 /* IDEntity+CoreDataClass.swift */,
				51272CBF2BD923C6004321F6 /* IDEntity+CoreDataProperties.swift */,
				14C7D77D2BD614B200CB5746 /* AppDelegate.swift */,
				14C7D7862BD614B200CB5746 /* Spacing.xcdatamodeld */,
				14C7D77F2BD614B200CB5746 /* SceneDelegate.swift */,
				14C7D7892BD614B400CB5746 /* Assets.xcassets */,
				14C7D78B2BD614B400CB5746 /* LaunchScreen.storyboard */,
				14D9EBE42BD7A5D4007DF629 /* ExtensionUtil.swift */,
			);
			path = Util;
			sourceTree = "<group>";
		};
		14C7D7C62BD662E600CB5746 /* MyPage */ = {
			isa = PBXGroup;
			children = (
				14C7D7D62BD667CE00CB5746 /* Menus */,
				14C7D7C72BD662F200CB5746 /* Cell */,
				14C7D7BA2BD658F700CB5746 /* MyPageViewController.storyboard */,
				14C7D7BC2BD6590700CB5746 /* MyPageViewController.swift */,
			);
			path = MyPage;
			sourceTree = "<group>";
		};
		14C7D7C72BD662F200CB5746 /* Cell */ = {
			isa = PBXGroup;
			children = (
				14D9EBE02BD78557007DF629 /* CategoryCollectionViewCell.swift */,
				14D9EBE12BD78557007DF629 /* CategoryCollectionViewCell.xib */,
				14C7D7C82BD6631000CB5746 /* UserTableViewCell.swift */,
				14C7D7C92BD6631000CB5746 /* UserTableViewCell.xib */,
				14C7D7CC2BD6632300CB5746 /* MenuTableViewCell.swift */,
				14C7D7CD2BD6632300CB5746 /* MenuTableViewCell.xib */,
				14C7D7D02BD664B500CB5746 /* ButtonTableViewCell.swift */,
				14C7D7D12BD664B500CB5746 /* ButtonTableViewCell.xib */,
				14D9EBDA2BD77C56007DF629 /* PlaceTableViewCell.swift */,
				14D9EBDB2BD77C56007DF629 /* PlaceTableViewCell.xib */,
				14C5FD892BD8DC4B00B8358C /* AddImageCollectionViewCell.swift */,
				14C5FD8A2BD8DC4B00B8358C /* AddImageCollectionViewCell.xib */,
			);
			path = Cell;
			sourceTree = "<group>";
		};
		14C7D7D62BD667CE00CB5746 /* Menus */ = {
			isa = PBXGroup;
			children = (
				145C32012BD7F4F6000FB8BD /* KakaoPostCode */,
				14C7D7D72BD667F400CB5746 /* PersonalViewController.swift */,
				14C7D7D92BD667FF00CB5746 /* PersonalViewController.storyboard */,
				14C7D7DB2BD6682400CB5746 /* AddPlaceViewController.swift */,
				14C7D7DD2BD6683100CB5746 /* AddPlaceViewController.storyboard */,
				14C7D7DF2BD6689D00CB5746 /* PlaceViewController.swift */,
				14C7D7E12BD668CB00CB5746 /* PlaceViewController.storyboard */,
			);
			path = Menus;
			sourceTree = "<group>";
		};
		14D85DE22BD9309200BB0289 /* Cell */ = {
			isa = PBXGroup;
			children = (
				14D85DE02BD9309200BB0289 /* ImageCollectionViewCell.swift */,
				14D85DE12BD9309200BB0289 /* ImageCollectionViewCell.xib */,
			);
			path = Cell;
			sourceTree = "<group>";
		};
		14D85DEA2BD9309200BB0289 /* TimeSelectionView */ = {
			isa = PBXGroup;
			children = (
				14D85DE72BD9309200BB0289 /* HalfModalPresentationController.swift */,
				14D85DE82BD9309200BB0289 /* TimeSelectionSB.storyboard */,
				14D85DE92BD9309200BB0289 /* TimeSelectionVC.swift */,
			);
			path = TimeSelectionView;
			sourceTree = "<group>";
		};
		14D85DEE2BD9309200BB0289 /* DetailView */ = {
			isa = PBXGroup;
			children = (
				14D85DE22BD9309200BB0289 /* Cell */,
				14D85DEA2BD9309200BB0289 /* TimeSelectionView */,
				14D85DEB2BD9309200BB0289 /* DetailViewController.storyboard */,
				14D85DEC2BD9309200BB0289 /* DetailViewController.swift */,
				14D85DED2BD9309200BB0289 /* View.xib */,
			);
			path = DetailView;
			sourceTree = "<group>";
		};
		361C0137B9ACE4704335D447 /* Pods */ = {
			isa = PBXGroup;
			children = (
				AF862DB78A7B819F61504E52 /* Pods-Spacing.debug.xcconfig */,
				1B1048CA9C36ECB96A93773D /* Pods-Spacing.release.xcconfig */,
				0742B520C18EDDC3C9D6D90F /* Pods-Spacing-SpacingUITests.debug.xcconfig */,
				9502A1E41DE8221CB2BCA0CD /* Pods-Spacing-SpacingUITests.release.xcconfig */,
				E1894E851D49E83D3E6AA1DE /* Pods-SpacingTests.debug.xcconfig */,
				692D3701DB1C7917962D459F /* Pods-SpacingTests.release.xcconfig */,
			);
			path = Pods;
			sourceTree = "<group>";
		};
		F48FAD11783C523B33CA427F /* Frameworks */ = {
			isa = PBXGroup;
			children = (
				CE579AFE8DFF51573EA5DA2C /* Pods_Spacing.framework */,
				C72474CF1FD080CCFDF783BB /* Pods_Spacing_SpacingUITests.framework */,
				8F2144B47394FC7445DC498A /* Pods_SpacingTests.framework */,
			);
			name = Frameworks;
			sourceTree = "<group>";
		};
/* End PBXGroup section */

/* Begin PBXNativeTarget section */
		14C7D7792BD614B200CB5746 /* Spacing */ = {
			isa = PBXNativeTarget;
			buildConfigurationList = 14C7D7A72BD614B500CB5746 /* Build configuration list for PBXNativeTarget "Spacing" */;
			buildPhases = (
				218A7657D249D2461E762EA9 /* [CP] Check Pods Manifest.lock */,
				14C7D7762BD614B200CB5746 /* Sources */,
				14C7D7772BD614B200CB5746 /* Frameworks */,
				14C7D7782BD614B200CB5746 /* Resources */,
				B7C195D5A54A472B52E295EF /* [CP] Embed Pods Frameworks */,
			);
			buildRules = (
			);
			dependencies = (
			);
			name = Spacing;
			packageProductDependencies = (
				14D9EBE72BD7B243007DF629 /* SnapKit */,
				14C5FD8E2BD8F9E900B8358C /* IQKeyboardManagerSwift */,
				14C5FD932BD90EB400B8358C /* Alamofire */,
			);
			productName = Spacing;
			productReference = 14C7D77A2BD614B200CB5746 /* Spacing.app */;
			productType = "com.apple.product-type.application";
		};
		14C7D7922BD614B500CB5746 /* SpacingTests */ = {
			isa = PBXNativeTarget;
			buildConfigurationList = 14C7D7AA2BD614B500CB5746 /* Build configuration list for PBXNativeTarget "SpacingTests" */;
			buildPhases = (
				421F89DB118B15CD22CCB845 /* [CP] Check Pods Manifest.lock */,
				14C7D78F2BD614B500CB5746 /* Sources */,
				14C7D7902BD614B500CB5746 /* Frameworks */,
				14C7D7912BD614B500CB5746 /* Resources */,
			);
			buildRules = (
			);
			dependencies = (
				14C7D7952BD614B500CB5746 /* PBXTargetDependency */,
			);
			name = SpacingTests;
			productName = SpacingTests;
			productReference = 14C7D7932BD614B500CB5746 /* SpacingTests.xctest */;
			productType = "com.apple.product-type.bundle.unit-test";
		};
		14C7D79C2BD614B500CB5746 /* SpacingUITests */ = {
			isa = PBXNativeTarget;
			buildConfigurationList = 14C7D7AD2BD614B500CB5746 /* Build configuration list for PBXNativeTarget "SpacingUITests" */;
			buildPhases = (
				E269BDA134EE238000DCF198 /* [CP] Check Pods Manifest.lock */,
				14C7D7992BD614B500CB5746 /* Sources */,
				14C7D79A2BD614B500CB5746 /* Frameworks */,
				14C7D79B2BD614B500CB5746 /* Resources */,
				1794DD5C6DD25615DA7537FB /* [CP] Embed Pods Frameworks */,
			);
			buildRules = (
			);
			dependencies = (
				14C7D79F2BD614B500CB5746 /* PBXTargetDependency */,
			);
			name = SpacingUITests;
			productName = SpacingUITests;
			productReference = 14C7D79D2BD614B500CB5746 /* SpacingUITests.xctest */;
			productType = "com.apple.product-type.bundle.ui-testing";
		};
/* End PBXNativeTarget section */

/* Begin PBXProject section */
		14C7D7722BD614B200CB5746 /* Project object */ = {
			isa = PBXProject;
			attributes = {
				BuildIndependentTargetsInParallel = 1;
				LastSwiftUpdateCheck = 1530;
				LastUpgradeCheck = 1530;
				TargetAttributes = {
					14C7D7792BD614B200CB5746 = {
						CreatedOnToolsVersion = 15.3;
					};
					14C7D7922BD614B500CB5746 = {
						CreatedOnToolsVersion = 15.3;
						TestTargetID = 14C7D7792BD614B200CB5746;
					};
					14C7D79C2BD614B500CB5746 = {
						CreatedOnToolsVersion = 15.3;
						TestTargetID = 14C7D7792BD614B200CB5746;
					};
				};
			};
			buildConfigurationList = 14C7D7752BD614B200CB5746 /* Build configuration list for PBXProject "Spacing" */;
			compatibilityVersion = "Xcode 14.0";
			developmentRegion = en;
			hasScannedForEncodings = 0;
			knownRegions = (
				en,
				Base,
			);
			mainGroup = 14C7D7712BD614B200CB5746;
			packageReferences = (
				14D9EBE62BD7B243007DF629 /* XCRemoteSwiftPackageReference "SnapKit" */,
				14C5FD8D2BD8F9E900B8358C /* XCRemoteSwiftPackageReference "IQKeyboardManager" */,
				14C5FD922BD90EB400B8358C /* XCRemoteSwiftPackageReference "Alamofire" */,
			);
			productRefGroup = 14C7D77B2BD614B200CB5746 /* Products */;
			projectDirPath = "";
			projectRoot = "";
			targets = (
				14C7D7792BD614B200CB5746 /* Spacing */,
				14C7D7922BD614B500CB5746 /* SpacingTests */,
				14C7D79C2BD614B500CB5746 /* SpacingUITests */,
			);
		};
/* End PBXProject section */

/* Begin PBXResourcesBuildPhase section */
		14C7D7782BD614B200CB5746 /* Resources */ = {
			isa = PBXResourcesBuildPhase;
			buildActionMask = 2147483647;
			files = (
				14D9EBE22BD78557007DF629 /* CategoryCollectionViewCell.xib in Resources */,
				14C7D7CF2BD6632300CB5746 /* MenuTableViewCell.xib in Resources */,
				14C7D7E22BD668CB00CB5746 /* PlaceViewController.storyboard in Resources */,
				14C7D7DA2BD667FF00CB5746 /* PersonalViewController.storyboard in Resources */,
				14D85DF92BD9309200BB0289 /* View.xib in Resources */,
				14C7D7BB2BD658F700CB5746 /* MyPageViewController.storyboard in Resources */,
				14C7D78A2BD614B400CB5746 /* Assets.xcassets in Resources */,
				14D85DF72BD9309200BB0289 /* DetailViewController.storyboard in Resources */,
				14C7D7DE2BD6683100CB5746 /* AddPlaceViewController.storyboard in Resources */,
				14C5FD8B2BD8DC4B00B8358C /* AddImageCollectionViewCell.xib in Resources */,
				14D9EBDC2BD77C56007DF629 /* PlaceTableViewCell.xib in Resources */,
				14EDFFF42BD9EF21001CC996 /* Map.storyboard in Resources */,
				14C7D7D32BD664B500CB5746 /* ButtonTableViewCell.xib in Resources */,
				14D85DF02BD9309200BB0289 /* ImageCollectionViewCell.xib in Resources */,
				1453D8082BDA47BA00BD21C0 /* TopCollectionViewCell.xib in Resources */,
				14D85DF52BD9309200BB0289 /* TimeSelectionSB.storyboard in Resources */,
				14C7D78D2BD614B400CB5746 /* Base in Resources */,
				14C7D7852BD614B200CB5746 /* Base in Resources */,
				14C7D7CB2BD6631000CB5746 /* UserTableViewCell.xib in Resources */,
			);
			runOnlyForDeploymentPostprocessing = 0;
		};
		14C7D7912BD614B500CB5746 /* Resources */ = {
			isa = PBXResourcesBuildPhase;
			buildActionMask = 2147483647;
			files = (
			);
			runOnlyForDeploymentPostprocessing = 0;
		};
		14C7D79B2BD614B500CB5746 /* Resources */ = {
			isa = PBXResourcesBuildPhase;
			buildActionMask = 2147483647;
			files = (
			);
			runOnlyForDeploymentPostprocessing = 0;
		};
/* End PBXResourcesBuildPhase section */

/* Begin PBXShellScriptBuildPhase section */
		1794DD5C6DD25615DA7537FB /* [CP] Embed Pods Frameworks */ = {
			isa = PBXShellScriptBuildPhase;
			buildActionMask = 2147483647;
			files = (
			);
			inputFileListPaths = (
				"${PODS_ROOT}/Target Support Files/Pods-Spacing-SpacingUITests/Pods-Spacing-SpacingUITests-frameworks-${CONFIGURATION}-input-files.xcfilelist",
			);
			name = "[CP] Embed Pods Frameworks";
			outputFileListPaths = (
				"${PODS_ROOT}/Target Support Files/Pods-Spacing-SpacingUITests/Pods-Spacing-SpacingUITests-frameworks-${CONFIGURATION}-output-files.xcfilelist",
			);
			runOnlyForDeploymentPostprocessing = 0;
			shellPath = /bin/sh;
			shellScript = "\"${PODS_ROOT}/Target Support Files/Pods-Spacing-SpacingUITests/Pods-Spacing-SpacingUITests-frameworks.sh\"\n";
			showEnvVarsInLog = 0;
		};
		218A7657D249D2461E762EA9 /* [CP] Check Pods Manifest.lock */ = {
			isa = PBXShellScriptBuildPhase;
			buildActionMask = 2147483647;
			files = (
			);
			inputFileListPaths = (
			);
			inputPaths = (
				"${PODS_PODFILE_DIR_PATH}/Podfile.lock",
				"${PODS_ROOT}/Manifest.lock",
			);
			name = "[CP] Check Pods Manifest.lock";
			outputFileListPaths = (
			);
			outputPaths = (
				"$(DERIVED_FILE_DIR)/Pods-Spacing-checkManifestLockResult.txt",
			);
			runOnlyForDeploymentPostprocessing = 0;
			shellPath = /bin/sh;
			shellScript = "diff \"${PODS_PODFILE_DIR_PATH}/Podfile.lock\" \"${PODS_ROOT}/Manifest.lock\" > /dev/null\nif [ $? != 0 ] ; then\n    # print error to STDERR\n    echo \"error: The sandbox is not in sync with the Podfile.lock. Run 'pod install' or update your CocoaPods installation.\" >&2\n    exit 1\nfi\n# This output is used by Xcode 'outputs' to avoid re-running this script phase.\necho \"SUCCESS\" > \"${SCRIPT_OUTPUT_FILE_0}\"\n";
			showEnvVarsInLog = 0;
		};
		421F89DB118B15CD22CCB845 /* [CP] Check Pods Manifest.lock */ = {
			isa = PBXShellScriptBuildPhase;
			buildActionMask = 2147483647;
			files = (
			);
			inputFileListPaths = (
			);
			inputPaths = (
				"${PODS_PODFILE_DIR_PATH}/Podfile.lock",
				"${PODS_ROOT}/Manifest.lock",
			);
			name = "[CP] Check Pods Manifest.lock";
			outputFileListPaths = (
			);
			outputPaths = (
				"$(DERIVED_FILE_DIR)/Pods-SpacingTests-checkManifestLockResult.txt",
			);
			runOnlyForDeploymentPostprocessing = 0;
			shellPath = /bin/sh;
			shellScript = "diff \"${PODS_PODFILE_DIR_PATH}/Podfile.lock\" \"${PODS_ROOT}/Manifest.lock\" > /dev/null\nif [ $? != 0 ] ; then\n    # print error to STDERR\n    echo \"error: The sandbox is not in sync with the Podfile.lock. Run 'pod install' or update your CocoaPods installation.\" >&2\n    exit 1\nfi\n# This output is used by Xcode 'outputs' to avoid re-running this script phase.\necho \"SUCCESS\" > \"${SCRIPT_OUTPUT_FILE_0}\"\n";
			showEnvVarsInLog = 0;
		};
		B7C195D5A54A472B52E295EF /* [CP] Embed Pods Frameworks */ = {
			isa = PBXShellScriptBuildPhase;
			buildActionMask = 2147483647;
			files = (
			);
			inputFileListPaths = (
				"${PODS_ROOT}/Target Support Files/Pods-Spacing/Pods-Spacing-frameworks-${CONFIGURATION}-input-files.xcfilelist",
			);
			name = "[CP] Embed Pods Frameworks";
			outputFileListPaths = (
				"${PODS_ROOT}/Target Support Files/Pods-Spacing/Pods-Spacing-frameworks-${CONFIGURATION}-output-files.xcfilelist",
			);
			runOnlyForDeploymentPostprocessing = 0;
			shellPath = /bin/sh;
			shellScript = "\"${PODS_ROOT}/Target Support Files/Pods-Spacing/Pods-Spacing-frameworks.sh\"\n";
			showEnvVarsInLog = 0;
		};
		E269BDA134EE238000DCF198 /* [CP] Check Pods Manifest.lock */ = {
			isa = PBXShellScriptBuildPhase;
			buildActionMask = 2147483647;
			files = (
			);
			inputFileListPaths = (
			);
			inputPaths = (
				"${PODS_PODFILE_DIR_PATH}/Podfile.lock",
				"${PODS_ROOT}/Manifest.lock",
			);
			name = "[CP] Check Pods Manifest.lock";
			outputFileListPaths = (
			);
			outputPaths = (
				"$(DERIVED_FILE_DIR)/Pods-Spacing-SpacingUITests-checkManifestLockResult.txt",
			);
			runOnlyForDeploymentPostprocessing = 0;
			shellPath = /bin/sh;
			shellScript = "diff \"${PODS_PODFILE_DIR_PATH}/Podfile.lock\" \"${PODS_ROOT}/Manifest.lock\" > /dev/null\nif [ $? != 0 ] ; then\n    # print error to STDERR\n    echo \"error: The sandbox is not in sync with the Podfile.lock. Run 'pod install' or update your CocoaPods installation.\" >&2\n    exit 1\nfi\n# This output is used by Xcode 'outputs' to avoid re-running this script phase.\necho \"SUCCESS\" > \"${SCRIPT_OUTPUT_FILE_0}\"\n";
			showEnvVarsInLog = 0;
		};
/* End PBXShellScriptBuildPhase section */

/* Begin PBXSourcesBuildPhase section */
		14C7D7762BD614B200CB5746 /* Sources */ = {
			isa = PBXSourcesBuildPhase;
			buildActionMask = 2147483647;
			files = (
				14D9EBE32BD78557007DF629 /* CategoryCollectionViewCell.swift in Sources */,
				14C7D7BD2BD6590700CB5746 /* MyPageViewController.swift in Sources */,
				14D85DF42BD9309200BB0289 /* HalfModalPresentationController.swift in Sources */,
				14D85DEF2BD9309200BB0289 /* ImageCollectionViewCell.swift in Sources */,
				14D85DF62BD9309200BB0289 /* TimeSelectionVC.swift in Sources */,
				14C7D7DC2BD6682400CB5746 /* AddPlaceViewController.swift in Sources */,
				14C7D7E02BD6689D00CB5746 /* PlaceViewController.swift in Sources */,
				14C7D7822BD614B200CB5746 /* ViewController.swift in Sources */,
				1453D8092BDA47BA00BD21C0 /* TopCollectionViewCell.swift in Sources */,
				51AC92B12BD7C66B006C2C51 /* SignUpViewController.swift in Sources */,
				51AC92B32BD7CA7B006C2C51 /* TestViewController.swift in Sources */,
				14C7D7882BD614B200CB5746 /* Spacing.xcdatamodeld in Sources */,
				14D9EBDD2BD77C56007DF629 /* PlaceTableViewCell.swift in Sources */,
				14C7D7C32BD65F7E00CB5746 /* User.swift in Sources */,
				14EDFFF52BD9EF21001CC996 /* MapViewController.swift in Sources */,
				14C7D7D52BD6667A00CB5746 /* MyPageMenu.swift in Sources */,
				14C7D7882BD614B200CB5746 /* Spacing.xcdatamodeld in Sources */,
				14C7D7CA2BD6631000CB5746 /* UserTableViewCell.swift in Sources */,
				14D9EBE52BD7A5D4007DF629 /* ExtensionUtil.swift in Sources */,
				14D85DF82BD9309200BB0289 /* DetailViewController.swift in Sources */,
				14C7D7CE2BD6632300CB5746 /* MenuTableViewCell.swift in Sources */,
				14C7D77E2BD614B200CB5746 /* AppDelegate.swift in Sources */,
				51272CC02BD923C6004321F6 /* IDEntity+CoreDataClass.swift in Sources */,
				51272CC12BD923C6004321F6 /* IDEntity+CoreDataProperties.swift in Sources */,
				14C5FD912BD90E5100B8358C /* GeoCoder.swift in Sources */,
				14C7D7D22BD664B500CB5746 /* ButtonTableViewCell.swift in Sources */,
				14C7D7C52BD6607B00CB5746 /* Place.swift in Sources */,
				145C32032BD7F525000FB8BD /* KakaoPostCodeViewController.swift in Sources */,
				14C7D7D82BD667F400CB5746 /* PersonalViewController.swift in Sources */,
				14C7D7802BD614B200CB5746 /* SceneDelegate.swift in Sources */,
				14C5FD8C2BD8DC4B00B8358C /* AddImageCollectionViewCell.swift in Sources */,
			);
			runOnlyForDeploymentPostprocessing = 0;
		};
		14C7D78F2BD614B500CB5746 /* Sources */ = {
			isa = PBXSourcesBuildPhase;
			buildActionMask = 2147483647;
			files = (
				14C7D7982BD614B500CB5746 /* SpacingTests.swift in Sources */,
			);
			runOnlyForDeploymentPostprocessing = 0;
		};
		14C7D7992BD614B500CB5746 /* Sources */ = {
			isa = PBXSourcesBuildPhase;
			buildActionMask = 2147483647;
			files = (
				14C7D7A42BD614B500CB5746 /* SpacingUITestsLaunchTests.swift in Sources */,
				14C7D7A22BD614B500CB5746 /* SpacingUITests.swift in Sources */,
			);
			runOnlyForDeploymentPostprocessing = 0;
		};
/* End PBXSourcesBuildPhase section */

/* Begin PBXTargetDependency section */
		14C7D7952BD614B500CB5746 /* PBXTargetDependency */ = {
			isa = PBXTargetDependency;
			target = 14C7D7792BD614B200CB5746 /* Spacing */;
			targetProxy = 14C7D7942BD614B500CB5746 /* PBXContainerItemProxy */;
		};
		14C7D79F2BD614B500CB5746 /* PBXTargetDependency */ = {
			isa = PBXTargetDependency;
			target = 14C7D7792BD614B200CB5746 /* Spacing */;
			targetProxy = 14C7D79E2BD614B500CB5746 /* PBXContainerItemProxy */;
		};
/* End PBXTargetDependency section */

/* Begin PBXVariantGroup section */
		14C7D7832BD614B200CB5746 /* Main.storyboard */ = {
			isa = PBXVariantGroup;
			children = (
				14C7D7842BD614B200CB5746 /* Base */,
			);
			name = Main.storyboard;
			sourceTree = "<group>";
		};
		14C7D78B2BD614B400CB5746 /* LaunchScreen.storyboard */ = {
			isa = PBXVariantGroup;
			children = (
				14C7D78C2BD614B400CB5746 /* Base */,
			);
			name = LaunchScreen.storyboard;
			sourceTree = "<group>";
		};
/* End PBXVariantGroup section */

/* Begin XCBuildConfiguration section */
		14C7D7A52BD614B500CB5746 /* Debug */ = {
			isa = XCBuildConfiguration;
			buildSettings = {
				ALWAYS_SEARCH_USER_PATHS = NO;
				ASSETCATALOG_COMPILER_GENERATE_SWIFT_ASSET_SYMBOL_EXTENSIONS = YES;
				CLANG_ANALYZER_NONNULL = YES;
				CLANG_ANALYZER_NUMBER_OBJECT_CONVERSION = YES_AGGRESSIVE;
				CLANG_CXX_LANGUAGE_STANDARD = "gnu++20";
				CLANG_ENABLE_MODULES = YES;
				CLANG_ENABLE_OBJC_ARC = YES;
				CLANG_ENABLE_OBJC_WEAK = YES;
				CLANG_WARN_BLOCK_CAPTURE_AUTORELEASING = YES;
				CLANG_WARN_BOOL_CONVERSION = YES;
				CLANG_WARN_COMMA = YES;
				CLANG_WARN_CONSTANT_CONVERSION = YES;
				CLANG_WARN_DEPRECATED_OBJC_IMPLEMENTATIONS = YES;
				CLANG_WARN_DIRECT_OBJC_ISA_USAGE = YES_ERROR;
				CLANG_WARN_DOCUMENTATION_COMMENTS = YES;
				CLANG_WARN_EMPTY_BODY = YES;
				CLANG_WARN_ENUM_CONVERSION = YES;
				CLANG_WARN_INFINITE_RECURSION = YES;
				CLANG_WARN_INT_CONVERSION = YES;
				CLANG_WARN_NON_LITERAL_NULL_CONVERSION = YES;
				CLANG_WARN_OBJC_IMPLICIT_RETAIN_SELF = YES;
				CLANG_WARN_OBJC_LITERAL_CONVERSION = YES;
				CLANG_WARN_OBJC_ROOT_CLASS = YES_ERROR;
				CLANG_WARN_QUOTED_INCLUDE_IN_FRAMEWORK_HEADER = YES;
				CLANG_WARN_RANGE_LOOP_ANALYSIS = YES;
				CLANG_WARN_STRICT_PROTOTYPES = YES;
				CLANG_WARN_SUSPICIOUS_MOVE = YES;
				CLANG_WARN_UNGUARDED_AVAILABILITY = YES_AGGRESSIVE;
				CLANG_WARN_UNREACHABLE_CODE = YES;
				CLANG_WARN__DUPLICATE_METHOD_MATCH = YES;
				COPY_PHASE_STRIP = NO;
				DEBUG_INFORMATION_FORMAT = dwarf;
				ENABLE_STRICT_OBJC_MSGSEND = YES;
				ENABLE_TESTABILITY = YES;
				ENABLE_USER_SCRIPT_SANDBOXING = YES;
				GCC_C_LANGUAGE_STANDARD = gnu17;
				GCC_DYNAMIC_NO_PIC = NO;
				GCC_NO_COMMON_BLOCKS = YES;
				GCC_OPTIMIZATION_LEVEL = 0;
				GCC_PREPROCESSOR_DEFINITIONS = (
					"DEBUG=1",
					"$(inherited)",
				);
				GCC_WARN_64_TO_32_BIT_CONVERSION = YES;
				GCC_WARN_ABOUT_RETURN_TYPE = YES_ERROR;
				GCC_WARN_UNDECLARED_SELECTOR = YES;
				GCC_WARN_UNINITIALIZED_AUTOS = YES_AGGRESSIVE;
				GCC_WARN_UNUSED_FUNCTION = YES;
				GCC_WARN_UNUSED_VARIABLE = YES;
				IPHONEOS_DEPLOYMENT_TARGET = 17.4;
				LOCALIZATION_PREFERS_STRING_CATALOGS = YES;
				MTL_ENABLE_DEBUG_INFO = INCLUDE_SOURCE;
				MTL_FAST_MATH = YES;
				ONLY_ACTIVE_ARCH = YES;
				SDKROOT = iphoneos;
				SWIFT_ACTIVE_COMPILATION_CONDITIONS = "DEBUG $(inherited)";
				SWIFT_OPTIMIZATION_LEVEL = "-Onone";
			};
			name = Debug;
		};
		14C7D7A62BD614B500CB5746 /* Release */ = {
			isa = XCBuildConfiguration;
			buildSettings = {
				ALWAYS_SEARCH_USER_PATHS = NO;
				ASSETCATALOG_COMPILER_GENERATE_SWIFT_ASSET_SYMBOL_EXTENSIONS = YES;
				CLANG_ANALYZER_NONNULL = YES;
				CLANG_ANALYZER_NUMBER_OBJECT_CONVERSION = YES_AGGRESSIVE;
				CLANG_CXX_LANGUAGE_STANDARD = "gnu++20";
				CLANG_ENABLE_MODULES = YES;
				CLANG_ENABLE_OBJC_ARC = YES;
				CLANG_ENABLE_OBJC_WEAK = YES;
				CLANG_WARN_BLOCK_CAPTURE_AUTORELEASING = YES;
				CLANG_WARN_BOOL_CONVERSION = YES;
				CLANG_WARN_COMMA = YES;
				CLANG_WARN_CONSTANT_CONVERSION = YES;
				CLANG_WARN_DEPRECATED_OBJC_IMPLEMENTATIONS = YES;
				CLANG_WARN_DIRECT_OBJC_ISA_USAGE = YES_ERROR;
				CLANG_WARN_DOCUMENTATION_COMMENTS = YES;
				CLANG_WARN_EMPTY_BODY = YES;
				CLANG_WARN_ENUM_CONVERSION = YES;
				CLANG_WARN_INFINITE_RECURSION = YES;
				CLANG_WARN_INT_CONVERSION = YES;
				CLANG_WARN_NON_LITERAL_NULL_CONVERSION = YES;
				CLANG_WARN_OBJC_IMPLICIT_RETAIN_SELF = YES;
				CLANG_WARN_OBJC_LITERAL_CONVERSION = YES;
				CLANG_WARN_OBJC_ROOT_CLASS = YES_ERROR;
				CLANG_WARN_QUOTED_INCLUDE_IN_FRAMEWORK_HEADER = YES;
				CLANG_WARN_RANGE_LOOP_ANALYSIS = YES;
				CLANG_WARN_STRICT_PROTOTYPES = YES;
				CLANG_WARN_SUSPICIOUS_MOVE = YES;
				CLANG_WARN_UNGUARDED_AVAILABILITY = YES_AGGRESSIVE;
				CLANG_WARN_UNREACHABLE_CODE = YES;
				CLANG_WARN__DUPLICATE_METHOD_MATCH = YES;
				COPY_PHASE_STRIP = NO;
				DEBUG_INFORMATION_FORMAT = "dwarf-with-dsym";
				ENABLE_NS_ASSERTIONS = NO;
				ENABLE_STRICT_OBJC_MSGSEND = YES;
				ENABLE_USER_SCRIPT_SANDBOXING = YES;
				GCC_C_LANGUAGE_STANDARD = gnu17;
				GCC_NO_COMMON_BLOCKS = YES;
				GCC_WARN_64_TO_32_BIT_CONVERSION = YES;
				GCC_WARN_ABOUT_RETURN_TYPE = YES_ERROR;
				GCC_WARN_UNDECLARED_SELECTOR = YES;
				GCC_WARN_UNINITIALIZED_AUTOS = YES_AGGRESSIVE;
				GCC_WARN_UNUSED_FUNCTION = YES;
				GCC_WARN_UNUSED_VARIABLE = YES;
				IPHONEOS_DEPLOYMENT_TARGET = 17.4;
				LOCALIZATION_PREFERS_STRING_CATALOGS = YES;
				MTL_ENABLE_DEBUG_INFO = NO;
				MTL_FAST_MATH = YES;
				SDKROOT = iphoneos;
				SWIFT_COMPILATION_MODE = wholemodule;
				VALIDATE_PRODUCT = YES;
			};
			name = Release;
		};
		14C7D7A82BD614B500CB5746 /* Debug */ = {
			isa = XCBuildConfiguration;
			baseConfigurationReference = AF862DB78A7B819F61504E52 /* Pods-Spacing.debug.xcconfig */;
			buildSettings = {
				ASSETCATALOG_COMPILER_APPICON_NAME = AppIcon;
				ASSETCATALOG_COMPILER_GLOBAL_ACCENT_COLOR_NAME = AccentColor;
				CODE_SIGN_STYLE = Automatic;
				CURRENT_PROJECT_VERSION = 1;
				DEVELOPMENT_TEAM = LRKR7469VU;
				ENABLE_USER_SCRIPT_SANDBOXING = NO;
				GENERATE_INFOPLIST_FILE = YES;
				INFOPLIST_FILE = Spacing/Info.plist;
				INFOPLIST_KEY_NSLocationAlwaysAndWhenInUseUsageDescription = "사용자의 위치를 받습니다.";
				INFOPLIST_KEY_NSLocationAlwaysUsageDescription = "사용자의 위치를 받습니다.";
				INFOPLIST_KEY_NSLocationWhenInUseUsageDescription = "사용자의 위치를 받습니다.";
				INFOPLIST_KEY_UIApplicationSupportsIndirectInputEvents = YES;
				INFOPLIST_KEY_UILaunchStoryboardName = LaunchScreen;
				INFOPLIST_KEY_UIMainStoryboardFile = Main;
				INFOPLIST_KEY_UISupportedInterfaceOrientations_iPad = "UIInterfaceOrientationPortrait UIInterfaceOrientationPortraitUpsideDown UIInterfaceOrientationLandscapeLeft UIInterfaceOrientationLandscapeRight";
				INFOPLIST_KEY_UISupportedInterfaceOrientations_iPhone = "UIInterfaceOrientationPortrait UIInterfaceOrientationLandscapeLeft UIInterfaceOrientationLandscapeRight";
				IPHONEOS_DEPLOYMENT_TARGET = 16.0;
				LD_RUNPATH_SEARCH_PATHS = (
					"$(inherited)",
					"@executable_path/Frameworks",
				);
				MARKETING_VERSION = 1.0;
				PRODUCT_BUNDLE_IDENTIFIER = com.Group33333.Spacing;
				PRODUCT_NAME = "$(TARGET_NAME)";
				SWIFT_EMIT_LOC_STRINGS = YES;
				SWIFT_VERSION = 5.0;
				TARGETED_DEVICE_FAMILY = "1,2";
			};
			name = Debug;
		};
		14C7D7A92BD614B500CB5746 /* Release */ = {
			isa = XCBuildConfiguration;
			baseConfigurationReference = 1B1048CA9C36ECB96A93773D /* Pods-Spacing.release.xcconfig */;
			buildSettings = {
				ASSETCATALOG_COMPILER_APPICON_NAME = AppIcon;
				ASSETCATALOG_COMPILER_GLOBAL_ACCENT_COLOR_NAME = AccentColor;
				CODE_SIGN_STYLE = Automatic;
				CURRENT_PROJECT_VERSION = 1;
				DEVELOPMENT_TEAM = LRKR7469VU;
				ENABLE_USER_SCRIPT_SANDBOXING = NO;
				GENERATE_INFOPLIST_FILE = YES;
				INFOPLIST_FILE = Spacing/Info.plist;
				INFOPLIST_KEY_NSLocationAlwaysAndWhenInUseUsageDescription = "사용자의 위치를 받습니다.";
				INFOPLIST_KEY_NSLocationAlwaysUsageDescription = "사용자의 위치를 받습니다.";
				INFOPLIST_KEY_NSLocationWhenInUseUsageDescription = "사용자의 위치를 받습니다.";
				INFOPLIST_KEY_UIApplicationSupportsIndirectInputEvents = YES;
				INFOPLIST_KEY_UILaunchStoryboardName = LaunchScreen;
				INFOPLIST_KEY_UIMainStoryboardFile = Main;
				INFOPLIST_KEY_UISupportedInterfaceOrientations_iPad = "UIInterfaceOrientationPortrait UIInterfaceOrientationPortraitUpsideDown UIInterfaceOrientationLandscapeLeft UIInterfaceOrientationLandscapeRight";
				INFOPLIST_KEY_UISupportedInterfaceOrientations_iPhone = "UIInterfaceOrientationPortrait UIInterfaceOrientationLandscapeLeft UIInterfaceOrientationLandscapeRight";
				IPHONEOS_DEPLOYMENT_TARGET = 16.0;
				LD_RUNPATH_SEARCH_PATHS = (
					"$(inherited)",
					"@executable_path/Frameworks",
				);
				MARKETING_VERSION = 1.0;
				PRODUCT_BUNDLE_IDENTIFIER = com.Group33333.Spacing;
				PRODUCT_NAME = "$(TARGET_NAME)";
				SWIFT_EMIT_LOC_STRINGS = YES;
				SWIFT_VERSION = 5.0;
				TARGETED_DEVICE_FAMILY = "1,2";
			};
			name = Release;
		};
		14C7D7AB2BD614B500CB5746 /* Debug */ = {
			isa = XCBuildConfiguration;
			baseConfigurationReference = E1894E851D49E83D3E6AA1DE /* Pods-SpacingTests.debug.xcconfig */;
			buildSettings = {
				ALWAYS_EMBED_SWIFT_STANDARD_LIBRARIES = YES;
				BUNDLE_LOADER = "$(TEST_HOST)";
				CODE_SIGN_STYLE = Automatic;
				CURRENT_PROJECT_VERSION = 1;
				DEVELOPMENT_TEAM = 27X8924SNC;
				GENERATE_INFOPLIST_FILE = YES;
				IPHONEOS_DEPLOYMENT_TARGET = 17.4;
				MARKETING_VERSION = 1.0;
				PRODUCT_BUNDLE_IDENTIFIER = com.Group3333.SpacingTests;
				PRODUCT_NAME = "$(TARGET_NAME)";
				SWIFT_EMIT_LOC_STRINGS = NO;
				SWIFT_VERSION = 5.0;
				TARGETED_DEVICE_FAMILY = "1,2";
				TEST_HOST = "$(BUILT_PRODUCTS_DIR)/Spacing.app/$(BUNDLE_EXECUTABLE_FOLDER_PATH)/Spacing";
			};
			name = Debug;
		};
		14C7D7AC2BD614B500CB5746 /* Release */ = {
			isa = XCBuildConfiguration;
			baseConfigurationReference = 692D3701DB1C7917962D459F /* Pods-SpacingTests.release.xcconfig */;
			buildSettings = {
				ALWAYS_EMBED_SWIFT_STANDARD_LIBRARIES = YES;
				BUNDLE_LOADER = "$(TEST_HOST)";
				CODE_SIGN_STYLE = Automatic;
				CURRENT_PROJECT_VERSION = 1;
				DEVELOPMENT_TEAM = 27X8924SNC;
				GENERATE_INFOPLIST_FILE = YES;
				IPHONEOS_DEPLOYMENT_TARGET = 17.4;
				MARKETING_VERSION = 1.0;
				PRODUCT_BUNDLE_IDENTIFIER = com.Group3333.SpacingTests;
				PRODUCT_NAME = "$(TARGET_NAME)";
				SWIFT_EMIT_LOC_STRINGS = NO;
				SWIFT_VERSION = 5.0;
				TARGETED_DEVICE_FAMILY = "1,2";
				TEST_HOST = "$(BUILT_PRODUCTS_DIR)/Spacing.app/$(BUNDLE_EXECUTABLE_FOLDER_PATH)/Spacing";
			};
			name = Release;
		};
		14C7D7AE2BD614B500CB5746 /* Debug */ = {
			isa = XCBuildConfiguration;
			baseConfigurationReference = 0742B520C18EDDC3C9D6D90F /* Pods-Spacing-SpacingUITests.debug.xcconfig */;
			buildSettings = {
				ALWAYS_EMBED_SWIFT_STANDARD_LIBRARIES = YES;
				CODE_SIGN_STYLE = Automatic;
				CURRENT_PROJECT_VERSION = 1;
				DEVELOPMENT_TEAM = 27X8924SNC;
				GENERATE_INFOPLIST_FILE = YES;
				MARKETING_VERSION = 1.0;
				PRODUCT_BUNDLE_IDENTIFIER = com.Group3333.SpacingUITests;
				PRODUCT_NAME = "$(TARGET_NAME)";
				SWIFT_EMIT_LOC_STRINGS = NO;
				SWIFT_VERSION = 5.0;
				TARGETED_DEVICE_FAMILY = "1,2";
				TEST_TARGET_NAME = Spacing;
			};
			name = Debug;
		};
		14C7D7AF2BD614B500CB5746 /* Release */ = {
			isa = XCBuildConfiguration;
			baseConfigurationReference = 9502A1E41DE8221CB2BCA0CD /* Pods-Spacing-SpacingUITests.release.xcconfig */;
			buildSettings = {
				ALWAYS_EMBED_SWIFT_STANDARD_LIBRARIES = YES;
				CODE_SIGN_STYLE = Automatic;
				CURRENT_PROJECT_VERSION = 1;
				DEVELOPMENT_TEAM = 27X8924SNC;
				GENERATE_INFOPLIST_FILE = YES;
				MARKETING_VERSION = 1.0;
				PRODUCT_BUNDLE_IDENTIFIER = com.Group3333.SpacingUITests;
				PRODUCT_NAME = "$(TARGET_NAME)";
				SWIFT_EMIT_LOC_STRINGS = NO;
				SWIFT_VERSION = 5.0;
				TARGETED_DEVICE_FAMILY = "1,2";
				TEST_TARGET_NAME = Spacing;
			};
			name = Release;
		};
/* End XCBuildConfiguration section */

/* Begin XCConfigurationList section */
		14C7D7752BD614B200CB5746 /* Build configuration list for PBXProject "Spacing" */ = {
			isa = XCConfigurationList;
			buildConfigurations = (
				14C7D7A52BD614B500CB5746 /* Debug */,
				14C7D7A62BD614B500CB5746 /* Release */,
			);
			defaultConfigurationIsVisible = 0;
			defaultConfigurationName = Release;
		};
		14C7D7A72BD614B500CB5746 /* Build configuration list for PBXNativeTarget "Spacing" */ = {
			isa = XCConfigurationList;
			buildConfigurations = (
				14C7D7A82BD614B500CB5746 /* Debug */,
				14C7D7A92BD614B500CB5746 /* Release */,
			);
			defaultConfigurationIsVisible = 0;
			defaultConfigurationName = Release;
		};
		14C7D7AA2BD614B500CB5746 /* Build configuration list for PBXNativeTarget "SpacingTests" */ = {
			isa = XCConfigurationList;
			buildConfigurations = (
				14C7D7AB2BD614B500CB5746 /* Debug */,
				14C7D7AC2BD614B500CB5746 /* Release */,
			);
			defaultConfigurationIsVisible = 0;
			defaultConfigurationName = Release;
		};
		14C7D7AD2BD614B500CB5746 /* Build configuration list for PBXNativeTarget "SpacingUITests" */ = {
			isa = XCConfigurationList;
			buildConfigurations = (
				14C7D7AE2BD614B500CB5746 /* Debug */,
				14C7D7AF2BD614B500CB5746 /* Release */,
			);
			defaultConfigurationIsVisible = 0;
			defaultConfigurationName = Release;
		};
/* End XCConfigurationList section */

/* Begin XCRemoteSwiftPackageReference section */
		14C5FD8D2BD8F9E900B8358C /* XCRemoteSwiftPackageReference "IQKeyboardManager" */ = {
			isa = XCRemoteSwiftPackageReference;
			repositoryURL = "https://github.com/hackiftekhar/IQKeyboardManager.git";
			requirement = {
				kind = upToNextMajorVersion;
				minimumVersion = 7.0.2;
			};
		};
		14C5FD922BD90EB400B8358C /* XCRemoteSwiftPackageReference "Alamofire" */ = {
			isa = XCRemoteSwiftPackageReference;
			repositoryURL = "https://github.com/Alamofire/Alamofire";
			requirement = {
				kind = upToNextMajorVersion;
				minimumVersion = 5.9.1;
			};
		};
		14D9EBE62BD7B243007DF629 /* XCRemoteSwiftPackageReference "SnapKit" */ = {
			isa = XCRemoteSwiftPackageReference;
			repositoryURL = "https://github.com/SnapKit/SnapKit.git";
			requirement = {
				kind = upToNextMajorVersion;
				minimumVersion = 5.7.1;
			};
		};
/* End XCRemoteSwiftPackageReference section */

/* Begin XCSwiftPackageProductDependency section */
		14C5FD8E2BD8F9E900B8358C /* IQKeyboardManagerSwift */ = {
			isa = XCSwiftPackageProductDependency;
			package = 14C5FD8D2BD8F9E900B8358C /* XCRemoteSwiftPackageReference "IQKeyboardManager" */;
			productName = IQKeyboardManagerSwift;
		};
		14C5FD932BD90EB400B8358C /* Alamofire */ = {
			isa = XCSwiftPackageProductDependency;
			package = 14C5FD922BD90EB400B8358C /* XCRemoteSwiftPackageReference "Alamofire" */;
			productName = Alamofire;
		};
		14D9EBE72BD7B243007DF629 /* SnapKit */ = {
			isa = XCSwiftPackageProductDependency;
			package = 14D9EBE62BD7B243007DF629 /* XCRemoteSwiftPackageReference "SnapKit" */;
			productName = SnapKit;
		};
/* End XCSwiftPackageProductDependency section */

/* Begin XCVersionGroup section */
		14C7D7862BD614B200CB5746 /* Spacing.xcdatamodeld */ = {
			isa = XCVersionGroup;
			children = (
				14C7D7872BD614B200CB5746 /* Spacing.xcdatamodel */,
			);
			currentVersion = 14C7D7872BD614B200CB5746 /* Spacing.xcdatamodel */;
			path = Spacing.xcdatamodeld;
			sourceTree = "<group>";
			versionGroupType = wrapper.xcdatamodel;
		};
/* End XCVersionGroup section */
	};
	rootObject = 14C7D7722BD614B200CB5746 /* Project object */;
}
